
Microsoft Visual Studio Solution File, Format Version 12.00
# Visual Studio Version 17
VisualStudioVersion = 17.14.36408.4
MinimumVisualStudioVersion = 10.0.40219.1
Project("{FAE04EC0-301F-11D3-BF4B-00C04F79EFBC}") = "Eventz.Api", "Eventz.Api\Eventz.Api.csproj", "{DF28F22E-A6EF-4308-AB2F-A175121273D8}"
EndProject
Project("{FAE04EC0-301F-11D3-BF4B-00C04F79EFBC}") = "Eventz.Application", "Eventz.Application\Eventz.Application.csproj", "{AC4781AE-874C-44DC-9974-FCB075ED4A6E}"
EndProject
Project("{FAE04EC0-301F-11D3-BF4B-00C04F79EFBC}") = "Eventz.Domain", "Eventz.Domain\Eventz.Domain.csproj", "{5C3DA3B1-F35A-4696-906A-39E1DC25391B}"
EndProject
Project("{FAE04EC0-301F-11D3-BF4B-00C04F79EFBC}") = "Eventz.Infrastructure", "Eventz.Infrastructure\Eventz.Infrastructure.csproj", "{14A23E1B-72FD-4727-BFD8-B839E201261D}"
EndProject
Project("{2150E333-8FDC-42A3-9474-1A3956D46DE8}") = "Solution Items", "Solution Items", "{8EC462FD-D22E-90A8-E5CE-7E832BA40C5D}"
	ProjectSection(SolutionItems) = preProject
		.gitignore = .gitignore
	EndProjectSection
EndProject
Global
	GlobalSection(SolutionConfigurationPlatforms) = preSolution
		Debug|Any CPU = Debug|Any CPU
		Release|Any CPU = Release|Any CPU
	EndGlobalSection
	GlobalSection(ProjectConfigurationPlatforms) = postSolution
		{DF28F22E-A6EF-4308-AB2F-A175121273D8}.Debug|Any CPU.ActiveCfg = Debug|Any CPU
		{DF28F22E-A6EF-4308-AB2F-A175121273D8}.Debug|Any CPU.Build.0 = Debug|Any CPU
		{DF28F22E-A6EF-4308-AB2F-A175121273D8}.Release|Any CPU.ActiveCfg = Release|Any CPU
		{DF28F22E-A6EF-4308-AB2F-A175121273D8}.Release|Any CPU.Build.0 = Release|Any CPU
		{AC4781AE-874C-44DC-9974-FCB075ED4A6E}.Debug|Any CPU.ActiveCfg = Debug|Any CPU
		{AC4781AE-874C-44DC-9974-FCB075ED4A6E}.Debug|Any CPU.Build.0 = Debug|Any CPU
		{AC4781AE-874C-44DC-9974-FCB075ED4A6E}.Release|Any CPU.ActiveCfg = Release|Any CPU
		{AC4781AE-874C-44DC-9974-FCB075ED4A6E}.Release|Any CPU.Build.0 = Release|Any CPU
		{5C3DA3B1-F35A-4696-906A-39E1DC25391B}.Debug|Any CPU.ActiveCfg = Debug|Any CPU
		{5C3DA3B1-F35A-4696-906A-39E1DC25391B}.Debug|Any CPU.Build.0 = Debug|Any CPU
		{5C3DA3B1-F35A-4696-906A-39E1DC25391B}.Release|Any CPU.ActiveCfg = Release|Any CPU
		{5C3DA3B1-F35A-4696-906A-39E1DC25391B}.Release|Any CPU.Build.0 = Release|Any CPU
		{14A23E1B-72FD-4727-BFD8-B839E201261D}.Debug|Any CPU.ActiveCfg = Debug|Any CPU
		{14A23E1B-72FD-4727-BFD8-B839E201261D}.Debug|Any CPU.Build.0 = Debug|Any CPU
		{14A23E1B-72FD-4727-BFD8-B839E201261D}.Release|Any CPU.ActiveCfg = Release|Any CPU
		{14A23E1B-72FD-4727-BFD8-B839E201261D}.Release|Any CPU.Build.0 = Release|Any CPU
	EndGlobalSection
	GlobalSection(SolutionProperties) = preSolution
		HideSolutionNode = FALSE
	EndGlobalSection
	GlobalSection(ExtensibilityGlobals) = postSolution
		SolutionGuid = {57BF6152-CF7D-433F-A7BD-B3C91AFBE91D}
	EndGlobalSection
EndGlobal
